dependencies:
- name: redis
  repository: https://charts.bitnami.com/bitnami
  version: 17.10.1
- name: common
  repository: https://charts.bitnami.com/bitnami
  version: 1.17.1
digest: sha256:43e2d8608b65bab85da408e910340a8f5e011ad54f8377413b618fc7c83d6047
generated: "2023-05-04T20:20:57.517615+02:00"
