dependencies:
- name: redis
  repository: https://charts.bitnami.com/bitnami
  version: 18.1.0
- name: common
  repository: https://charts.bitnami.com/bitnami
  version: 2.12.0
digest: sha256:d115bd59db58af36e1eddc51c6e6df1d8f53b99a8fc4ef0801da120437b49be6
generated: "2023-09-25T18:05:26.560982+02:00"
